// !$*UTF8*$!
{
	archiveVersion = 1;
	classes = {
	};
	objectVersion = 56;
	objects = {

/* Begin PBXBuildFile section */
		ED8F7BAA2A99FCF2006B8B8A /* AppDelegate.swift in Sources */ = {isa = PBXBuildFile; fileRef = ED8F7BA92A99FCF2006B8B8A /* AppDelegate.swift */; };
		ED8F7BAC2A99FCF2006B8B8A /* SceneDelegate.swift in Sources */ = {isa = PBXBuildFile; fileRef = ED8F7BAB2A99FCF2006B8B8A /* SceneDelegate.swift */; };
		ED8F7BB12A99FCF2006B8B8A /* Main.storyboard in Resources */ = {isa = PBXBuildFile; fileRef = ED8F7BAF2A99FCF2006B8B8A /* Main.storyboard */; };
		ED8F7BB32A99FCF4006B8B8A /* Assets.xcassets in Resources */ = {isa = PBXBuildFile; fileRef = ED8F7BB22A99FCF4006B8B8A /* Assets.xcassets */; };
		ED8F7BB62A99FCF4006B8B8A /* LaunchScreen.storyboard in Resources */ = {isa = PBXBuildFile; fileRef = ED8F7BB42A99FCF4006B8B8A /* LaunchScreen.storyboard */; };
		ED8F7BBE2A99FF2D006B8B8A /* TaskListViewController.swift in Sources */ = {isa = PBXBuildFile; fileRef = ED8F7BBD2A99FF2D006B8B8A /* TaskListViewController.swift */; };
		ED8F7BC02A9A01C9006B8B8A /* TaskList.swift in Sources */ = {isa = PBXBuildFile; fileRef = ED8F7BBF2A9A01C9006B8B8A /* TaskList.swift */; };
		ED8F7BC82A9A02EA006B8B8A /* StorageManager.swift in Sources */ = {isa = PBXBuildFile; fileRef = ED8F7BC72A9A02EA006B8B8A /* StorageManager.swift */; };
		ED8F7BCA2A9A0B48006B8B8A /* AlertController.swift in Sources */ = {isa = PBXBuildFile; fileRef = ED8F7BC92A9A0B48006B8B8A /* AlertController.swift */; };
		ED8F7BCC2A9A0EFB006B8B8A /* TasksViewController.swift in Sources */ = {isa = PBXBuildFile; fileRef = ED8F7BCB2A9A0EFB006B8B8A /* TasksViewController.swift */; };
		ED8F7BCE2A9A13FA006B8B8A /* DataManager.swift in Sources */ = {isa = PBXBuildFile; fileRef = ED8F7BCD2A9A13FA006B8B8A /* DataManager.swift */; };
		ED8F7BD12A9A1B46006B8B8A /* Realm in Frameworks */ = {isa = PBXBuildFile; productRef = ED8F7BD02A9A1B46006B8B8A /* Realm */; };
		ED8F7BD32A9A1B46006B8B8A /* RealmSwift in Frameworks */ = {isa = PBXBuildFile; productRef = ED8F7BD22A9A1B46006B8B8A /* RealmSwift */; };
		ED8F7BD72AADB5F5006B8B8A /* Extension + TableViewCell.swift in Sources */ = {isa = PBXBuildFile; fileRef = ED8F7BD62AADB5F5006B8B8A /* Extension + TableViewCell.swift */; };
/* End PBXBuildFile section */

/* Begin PBXFileReference section */
		ED8F7BA62A99FCF2006B8B8A /* RealmApp.app */ = {isa = PBXFileReference; explicitFileType = wrapper.application; includeInIndex = 0; path = RealmApp.app; sourceTree = BUILT_PRODUCTS_DIR; };
		ED8F7BA92A99FCF2006B8B8A /* AppDelegate.swift */ = {isa = PBXFileReference; lastKnownFileType = sourcecode.swift; path = AppDelegate.swift; sourceTree = "<group>"; };
		ED8F7BAB2A99FCF2006B8B8A /* SceneDelegate.swift */ = {isa = PBXFileReference; lastKnownFileType = sourcecode.swift; path = SceneDelegate.swift; sourceTree = "<group>"; };
		ED8F7BB02A99FCF2006B8B8A /* Base */ = {isa = PBXFileReference; lastKnownFileType = file.storyboard; name = Base; path = Base.lproj/Main.storyboard; sourceTree = "<group>"; };
		ED8F7BB22A99FCF4006B8B8A /* Assets.xcassets */ = {isa = PBXFileReference; lastKnownFileType = folder.assetcatalog; path = Assets.xcassets; sourceTree = "<group>"; };
		ED8F7BB52A99FCF4006B8B8A /* Base */ = {isa = PBXFileReference; lastKnownFileType = file.storyboard; name = Base; path = Base.lproj/LaunchScreen.storyboard; sourceTree = "<group>"; };
		ED8F7BB72A99FCF4006B8B8A /* Info.plist */ = {isa = PBXFileReference; lastKnownFileType = text.plist.xml; path = Info.plist; sourceTree = "<group>"; };
		ED8F7BBD2A99FF2D006B8B8A /* TaskListViewController.swift */ = {isa = PBXFileReference; lastKnownFileType = sourcecode.swift; path = TaskListViewController.swift; sourceTree = "<group>"; };
		ED8F7BBF2A9A01C9006B8B8A /* TaskList.swift */ = {isa = PBXFileReference; lastKnownFileType = sourcecode.swift; path = TaskList.swift; sourceTree = "<group>"; };
		ED8F7BC72A9A02EA006B8B8A /* StorageManager.swift */ = {isa = PBXFileReference; lastKnownFileType = sourcecode.swift; path = StorageManager.swift; sourceTree = "<group>"; };
		ED8F7BC92A9A0B48006B8B8A /* AlertController.swift */ = {isa = PBXFileReference; lastKnownFileType = sourcecode.swift; path = AlertController.swift; sourceTree = "<group>"; };
		ED8F7BCB2A9A0EFB006B8B8A /* TasksViewController.swift */ = {isa = PBXFileReference; lastKnownFileType = sourcecode.swift; path = TasksViewController.swift; sourceTree = "<group>"; };
		ED8F7BCD2A9A13FA006B8B8A /* DataManager.swift */ = {isa = PBXFileReference; lastKnownFileType = sourcecode.swift; path = DataManager.swift; sourceTree = "<group>"; };
		ED8F7BD62AADB5F5006B8B8A /* Extension + TableViewCell.swift */ = {isa = PBXFileReference; lastKnownFileType = sourcecode.swift; path = "Extension + TableViewCell.swift"; sourceTree = "<group>"; };
/* End PBXFileReference section */

/* Begin PBXFrameworksBuildPhase section */
		ED8F7BA32A99FCF2006B8B8A /* Frameworks */ = {
			isa = PBXFrameworksBuildPhase;
			buildActionMask = 2147483647;
			files = (
				ED8F7BD32A9A1B46006B8B8A /* RealmSwift in Frameworks */,
				ED8F7BD12A9A1B46006B8B8A /* Realm in Frameworks */,
			);
			runOnlyForDeploymentPostprocessing = 0;
		};
/* End PBXFrameworksBuildPhase section */

/* Begin PBXGroup section */
		ED8F7B9D2A99FCF2006B8B8A = {
			isa = PBXGroup;
			children = (
				ED8F7BA82A99FCF2006B8B8A /* RealmApp */,
				ED8F7BA72A99FCF2006B8B8A /* Products */,
			);
			sourceTree = "<group>";
		};
		ED8F7BA72A99FCF2006B8B8A /* Products */ = {
			isa = PBXGroup;
			children = (
				ED8F7BA62A99FCF2006B8B8A /* RealmApp.app */,
			);
			name = Products;
			sourceTree = "<group>";
		};
		ED8F7BA82A99FCF2006B8B8A /* RealmApp */ = {
			isa = PBXGroup;
			children = (
				ED8F7BC12A9A0272006B8B8A /* App */,
				ED8F7BC62A9A02CF006B8B8A /* Services */,
				ED8F7BC32A9A0288006B8B8A /* Resuorces */,
				ED8F7BC52A9A02A5006B8B8A /* ViewControllers */,
				ED8F7BC22A9A027B006B8B8A /* Storyboards */,
				ED8F7BC42A9A0298006B8B8A /* Models */,
			);
			path = RealmApp;
			sourceTree = "<group>";
		};
		ED8F7BC12A9A0272006B8B8A /* App */ = {
			isa = PBXGroup;
			children = (
				ED8F7BA92A99FCF2006B8B8A /* AppDelegate.swift */,
				ED8F7BAB2A99FCF2006B8B8A /* SceneDelegate.swift */,
				ED8F7BB72A99FCF4006B8B8A /* Info.plist */,
			);
			path = App;
			sourceTree = "<group>";
		};
		ED8F7BC22A9A027B006B8B8A /* Storyboards */ = {
			isa = PBXGroup;
			children = (
				ED8F7BAF2A99FCF2006B8B8A /* Main.storyboard */,
				ED8F7BB42A99FCF4006B8B8A /* LaunchScreen.storyboard */,
			);
			path = Storyboards;
			sourceTree = "<group>";
		};
		ED8F7BC32A9A0288006B8B8A /* Resuorces */ = {
			isa = PBXGroup;
			children = (
				ED8F7BB22A99FCF4006B8B8A /* Assets.xcassets */,
			);
			path = Resuorces;
			sourceTree = "<group>";
		};
		ED8F7BC42A9A0298006B8B8A /* Models */ = {
			isa = PBXGroup;
			children = (
				ED8F7BBF2A9A01C9006B8B8A /* TaskList.swift */,
			);
			path = Models;
			sourceTree = "<group>";
		};
		ED8F7BC52A9A02A5006B8B8A /* ViewControllers */ = {
			isa = PBXGroup;
			children = (
				ED8F7BBD2A99FF2D006B8B8A /* TaskListViewController.swift */,
				ED8F7BC92A9A0B48006B8B8A /* AlertController.swift */,
				ED8F7BCB2A9A0EFB006B8B8A /* TasksViewController.swift */,
				ED8F7BD62AADB5F5006B8B8A /* Extension + TableViewCell.swift */,
			);
			path = ViewControllers;
			sourceTree = "<group>";
		};
		ED8F7BC62A9A02CF006B8B8A /* Services */ = {
			isa = PBXGroup;
			children = (
				ED8F7BC72A9A02EA006B8B8A /* StorageManager.swift */,
				ED8F7BCD2A9A13FA006B8B8A /* DataManager.swift */,
			);
			path = Services;
			sourceTree = "<group>";
		};
/* End PBXGroup section */

/* Begin PBXNativeTarget section */
		ED8F7BA52A99FCF2006B8B8A /* RealmApp */ = {
			isa = PBXNativeTarget;
			buildConfigurationList = ED8F7BBA2A99FCF4006B8B8A /* Build configuration list for PBXNativeTarget "RealmApp" */;
			buildPhases = (
				ED8F7BA22A99FCF2006B8B8A /* Sources */,
				ED8F7BA32A99FCF2006B8B8A /* Frameworks */,
				ED8F7BA42A99FCF2006B8B8A /* Resources */,
			);
			buildRules = (
			);
			dependencies = (
			);
			name = RealmApp;
			packageProductDependencies = (
				ED8F7BD02A9A1B46006B8B8A /* Realm */,
				ED8F7BD22A9A1B46006B8B8A /* RealmSwift */,
			);
			productName = RealmApp;
			productReference = ED8F7BA62A99FCF2006B8B8A /* RealmApp.app */;
			productType = "com.apple.product-type.application";
		};
/* End PBXNativeTarget section */

/* Begin PBXProject section */
		ED8F7B9E2A99FCF2006B8B8A /* Project object */ = {
			isa = PBXProject;
			attributes = {
				BuildIndependentTargetsInParallel = 1;
				LastSwiftUpdateCheck = 1430;
				LastUpgradeCheck = 1430;
				TargetAttributes = {
					ED8F7BA52A99FCF2006B8B8A = {
						CreatedOnToolsVersion = 14.3;
					};
				};
			};
			buildConfigurationList = ED8F7BA12A99FCF2006B8B8A /* Build configuration list for PBXProject "RealmApp" */;
			compatibilityVersion = "Xcode 14.0";
			developmentRegion = en;
			hasScannedForEncodings = 0;
			knownRegions = (
				en,
				Base,
			);
			mainGroup = ED8F7B9D2A99FCF2006B8B8A;
			packageReferences = (
				ED8F7BCF2A9A1B46006B8B8A /* XCRemoteSwiftPackageReference "realm-swift" */,
			);
			productRefGroup = ED8F7BA72A99FCF2006B8B8A /* Products */;
			projectDirPath = "";
			projectRoot = "";
			targets = (
				ED8F7BA52A99FCF2006B8B8A /* RealmApp */,
			);
		};
/* End PBXProject section */

/* Begin PBXResourcesBuildPhase section */
		ED8F7BA42A99FCF2006B8B8A /* Resources */ = {
			isa = PBXResourcesBuildPhase;
			buildActionMask = 2147483647;
			files = (
				ED8F7BB62A99FCF4006B8B8A /* LaunchScreen.storyboard in Resources */,
				ED8F7BB32A99FCF4006B8B8A /* Assets.xcassets in Resources */,
				ED8F7BB12A99FCF2006B8B8A /* Main.storyboard in Resources */,
			);
			runOnlyForDeploymentPostprocessing = 0;
		};
/* End PBXResourcesBuildPhase section */

/* Begin PBXSourcesBuildPhase section */
		ED8F7BA22A99FCF2006B8B8A /* Sources */ = {
			isa = PBXSourcesBuildPhase;
			buildActionMask = 2147483647;
			files = (
				ED8F7BAA2A99FCF2006B8B8A /* AppDelegate.swift in Sources */,
				ED8F7BCE2A9A13FA006B8B8A /* DataManager.swift in Sources */,
				ED8F7BD72AADB5F5006B8B8A /* Extension + TableViewCell.swift in Sources */,
				ED8F7BAC2A99FCF2006B8B8A /* SceneDelegate.swift in Sources */,
				ED8F7BC82A9A02EA006B8B8A /* StorageManager.swift in Sources */,
				ED8F7BCC2A9A0EFB006B8B8A /* TasksViewController.swift in Sources */,
				ED8F7BBE2A99FF2D006B8B8A /* TaskListViewController.swift in Sources */,
				ED8F7BCA2A9A0B48006B8B8A /* AlertController.swift in Sources */,
				ED8F7BC02A9A01C9006B8B8A /* TaskList.swift in Sources */,
			);
			runOnlyForDeploymentPostprocessing = 0;
		};
/* End PBXSourcesBuildPhase section */

/* Begin PBXVariantGroup section */
		ED8F7BAF2A99FCF2006B8B8A /* Main.storyboard */ = {
			isa = PBXVariantGroup;
			children = (
				ED8F7BB02A99FCF2006B8B8A /* Base */,
			);
			name = Main.storyboard;
			sourceTree = "<group>";
		};
		ED8F7BB42A99FCF4006B8B8A /* LaunchScreen.storyboard */ = {
			isa = PBXVariantGroup;
			children = (
				ED8F7BB52A99FCF4006B8B8A /* Base */,
			);
			name = LaunchScreen.storyboard;
			sourceTree = "<group>";
		};
/* End PBXVariantGroup section */

/* Begin XCBuildConfiguration section */
		ED8F7BB82A99FCF4006B8B8A /* Debug */ = {
			isa = XCBuildConfiguration;
			buildSettings = {
				ALWAYS_SEARCH_USER_PATHS = NO;
				CLANG_ANALYZER_NONNULL = YES;
				CLANG_ANALYZER_NUMBER_OBJECT_CONVERSION = YES_AGGRESSIVE;
				CLANG_CXX_LANGUAGE_STANDARD = "gnu++20";
				CLANG_ENABLE_MODULES = YES;
				CLANG_ENABLE_OBJC_ARC = YES;
				CLANG_ENABLE_OBJC_WEAK = YES;
				CLANG_WARN_BLOCK_CAPTURE_AUTORELEASING = YES;
				CLANG_WARN_BOOL_CONVERSION = YES;
				CLANG_WARN_COMMA = YES;
				CLANG_WARN_CONSTANT_CONVERSION = YES;
				CLANG_WARN_DEPRECATED_OBJC_IMPLEMENTATIONS = YES;
				CLANG_WARN_DIRECT_OBJC_ISA_USAGE = YES_ERROR;
				CLANG_WARN_DOCUMENTATION_COMMENTS = YES;
				CLANG_WARN_EMPTY_BODY = YES;
				CLANG_WARN_ENUM_CONVERSION = YES;
				CLANG_WARN_INFINITE_RECURSION = YES;
				CLANG_WARN_INT_CONVERSION = YES;
				CLANG_WARN_NON_LITERAL_NULL_CONVERSION = YES;
				CLANG_WARN_OBJC_IMPLICIT_RETAIN_SELF = YES;
				CLANG_WARN_OBJC_LITERAL_CONVERSION = YES;
				CLANG_WARN_OBJC_ROOT_CLASS = YES_ERROR;
				CLANG_WARN_QUOTED_INCLUDE_IN_FRAMEWORK_HEADER = YES;
				CLANG_WARN_RANGE_LOOP_ANALYSIS = YES;
				CLANG_WARN_STRICT_PROTOTYPES = YES;
				CLANG_WARN_SUSPICIOUS_MOVE = YES;
				CLANG_WARN_UNGUARDED_AVAILABILITY = YES_AGGRESSIVE;
				CLANG_WARN_UNREACHABLE_CODE = YES;
				CLANG_WARN__DUPLICATE_METHOD_MATCH = YES;
				COPY_PHASE_STRIP = NO;
				DEBUG_INFORMATION_FORMAT = dwarf;
				ENABLE_STRICT_OBJC_MSGSEND = YES;
				ENABLE_TESTABILITY = YES;
				GCC_C_LANGUAGE_STANDARD = gnu11;
				GCC_DYNAMIC_NO_PIC = NO;
				GCC_NO_COMMON_BLOCKS = YES;
				GCC_OPTIMIZATION_LEVEL = 0;
				GCC_PREPROCESSOR_DEFINITIONS = (
					"DEBUG=1",
					"$(inherited)",
				);
				GCC_WARN_64_TO_32_BIT_CONVERSION = YES;
				GCC_WARN_ABOUT_RETURN_TYPE = YES_ERROR;
				GCC_WARN_UNDECLARED_SELECTOR = YES;
				GCC_WARN_UNINITIALIZED_AUTOS = YES_AGGRESSIVE;
				GCC_WARN_UNUSED_FUNCTION = YES;
				GCC_WARN_UNUSED_VARIABLE = YES;
				IPHONEOS_DEPLOYMENT_TARGET = 16.4;
				MTL_ENABLE_DEBUG_INFO = INCLUDE_SOURCE;
				MTL_FAST_MATH = YES;
				ONLY_ACTIVE_ARCH = YES;
				SDKROOT = iphoneos;
				SWIFT_ACTIVE_COMPILATION_CONDITIONS = DEBUG;
				SWIFT_OPTIMIZATION_LEVEL = "-Onone";
			};
			name = Debug;
		};
		ED8F7BB92A99FCF4006B8B8A /* Release */ = {
			isa = XCBuildConfiguration;
			buildSettings = {
				ALWAYS_SEARCH_USER_PATHS = NO;
				CLANG_ANALYZER_NONNULL = YES;
				CLANG_ANALYZER_NUMBER_OBJECT_CONVERSION = YES_AGGRESSIVE;
				CLANG_CXX_LANGUAGE_STANDARD = "gnu++20";
				CLANG_ENABLE_MODULES = YES;
				CLANG_ENABLE_OBJC_ARC = YES;
				CLANG_ENABLE_OBJC_WEAK = YES;
				CLANG_WARN_BLOCK_CAPTURE_AUTORELEASING = YES;
				CLANG_WARN_BOOL_CONVERSION = YES;
				CLANG_WARN_COMMA = YES;
				CLANG_WARN_CONSTANT_CONVERSION = YES;
				CLANG_WARN_DEPRECATED_OBJC_IMPLEMENTATIONS = YES;
				CLANG_WARN_DIRECT_OBJC_ISA_USAGE = YES_ERROR;
				CLANG_WARN_DOCUMENTATION_COMMENTS = YES;
				CLANG_WARN_EMPTY_BODY = YES;
				CLANG_WARN_ENUM_CONVERSION = YES;
				CLANG_WARN_INFINITE_RECURSION = YES;
				CLANG_WARN_INT_CONVERSION = YES;
				CLANG_WARN_NON_LITERAL_NULL_CONVERSION = YES;
				CLANG_WARN_OBJC_IMPLICIT_RETAIN_SELF = YES;
				CLANG_WARN_OBJC_LITERAL_CONVERSION = YES;
				CLANG_WARN_OBJC_ROOT_CLASS = YES_ERROR;
				CLANG_WARN_QUOTED_INCLUDE_IN_FRAMEWORK_HEADER = YES;
				CLANG_WARN_RANGE_LOOP_ANALYSIS = YES;
				CLANG_WARN_STRICT_PROTOTYPES = YES;
				CLANG_WARN_SUSPICIOUS_MOVE = YES;
				CLANG_WARN_UNGUARDED_AVAILABILITY = YES_AGGRESSIVE;
				CLANG_WARN_UNREACHABLE_CODE = YES;
				CLANG_WARN__DUPLICATE_METHOD_MATCH = YES;
				COPY_PHASE_STRIP = NO;
				DEBUG_INFORMATION_FORMAT = "dwarf-with-dsym";
				ENABLE_NS_ASSERTIONS = NO;
				ENABLE_STRICT_OBJC_MSGSEND = YES;
				GCC_C_LANGUAGE_STANDARD = gnu11;
				GCC_NO_COMMON_BLOCKS = YES;
				GCC_WARN_64_TO_32_BIT_CONVERSION = YES;
				GCC_WARN_ABOUT_RETURN_TYPE = YES_ERROR;
				GCC_WARN_UNDECLARED_SELECTOR = YES;
				GCC_WARN_UNINITIALIZED_AUTOS = YES_AGGRESSIVE;
				GCC_WARN_UNUSED_FUNCTION = YES;
				GCC_WARN_UNUSED_VARIABLE = YES;
				IPHONEOS_DEPLOYMENT_TARGET = 16.4;
				MTL_ENABLE_DEBUG_INFO = NO;
				MTL_FAST_MATH = YES;
				SDKROOT = iphoneos;
				SWIFT_COMPILATION_MODE = wholemodule;
				SWIFT_OPTIMIZATION_LEVEL = "-O";
				VALIDATE_PRODUCT = YES;
			};
			name = Release;
		};
		ED8F7BBB2A99FCF4006B8B8A /* Debug */ = {
			isa = XCBuildConfiguration;
			buildSettings = {
				ASSETCATALOG_COMPILER_APPICON_NAME = AppIcon;
				ASSETCATALOG_COMPILER_GLOBAL_ACCENT_COLOR_NAME = AccentColor;
				CODE_SIGN_STYLE = Automatic;
				CURRENT_PROJECT_VERSION = 1;
				DEVELOPMENT_TEAM = B4D33S9Y62;
				GENERATE_INFOPLIST_FILE = YES;
				INFOPLIST_FILE = RealmApp/App/Info.plist;
				INFOPLIST_KEY_UIApplicationSupportsIndirectInputEvents = YES;
				INFOPLIST_KEY_UILaunchStoryboardName = LaunchScreen;
				INFOPLIST_KEY_UIMainStoryboardFile = Main;
				INFOPLIST_KEY_UISupportedInterfaceOrientations_iPad = "UIInterfaceOrientationPortrait UIInterfaceOrientationPortraitUpsideDown UIInterfaceOrientationLandscapeLeft UIInterfaceOrientationLandscapeRight";
				INFOPLIST_KEY_UISupportedInterfaceOrientations_iPhone = "UIInterfaceOrientationPortrait UIInterfaceOrientationLandscapeLeft UIInterfaceOrientationLandscapeRight";
				LD_RUNPATH_SEARCH_PATHS = (
					"$(inherited)",
					"@executable_path/Frameworks",
				);
				MARKETING_VERSION = 1.0;
				PRODUCT_BUNDLE_IDENTIFIER = openYourMind.RealmApp;
				PRODUCT_NAME = "$(TARGET_NAME)";
				SWIFT_EMIT_LOC_STRINGS = YES;
				SWIFT_VERSION = 5.0;
				TARGETED_DEVICE_FAMILY = "1,2";
			};
			name = Debug;
		};
		ED8F7BBC2A99FCF4006B8B8A /* Release */ = {
			isa = XCBuildConfiguration;
			buildSettings = {
				ASSETCATALOG_COMPILER_APPICON_NAME = AppIcon;
				ASSETCATALOG_COMPILER_GLOBAL_ACCENT_COLOR_NAME = AccentColor;
				CODE_SIGN_STYLE = Automatic;
				CURRENT_PROJECT_VERSION = 1;
				DEVELOPMENT_TEAM = B4D33S9Y62;
				GENERATE_INFOPLIST_FILE = YES;
				INFOPLIST_FILE = RealmApp/App/Info.plist;
				INFOPLIST_KEY_UIApplicationSupportsIndirectInputEvents = YES;
				INFOPLIST_KEY_UILaunchStoryboardName = LaunchScreen;
				INFOPLIST_KEY_UIMainStoryboardFile = Main;
				INFOPLIST_KEY_UISupportedInterfaceOrientations_iPad = "UIInterfaceOrientationPortrait UIInterfaceOrientationPortraitUpsideDown UIInterfaceOrientationLandscapeLeft UIInterfaceOrientationLandscapeRight";
				INFOPLIST_KEY_UISupportedInterfaceOrientations_iPhone = "UIInterfaceOrientationPortrait UIInterfaceOrientationLandscapeLeft UIInterfaceOrientationLandscapeRight";
				LD_RUNPATH_SEARCH_PATHS = (
					"$(inherited)",
					"@executable_path/Frameworks",
				);
				MARKETING_VERSION = 1.0;
				PRODUCT_BUNDLE_IDENTIFIER = openYourMind.RealmApp;
				PRODUCT_NAME = "$(TARGET_NAME)";
				SWIFT_EMIT_LOC_STRINGS = YES;
				SWIFT_VERSION = 5.0;
				TARGETED_DEVICE_FAMILY = "1,2";
			};
			name = Release;
		};
/* End XCBuildConfiguration section */

/* Begin XCConfigurationList section */
		ED8F7BA12A99FCF2006B8B8A /* Build configuration list for PBXProject "RealmApp" */ = {
			isa = XCConfigurationList;
			buildConfigurations = (
				ED8F7BB82A99FCF4006B8B8A /* Debug */,
				ED8F7BB92A99FCF4006B8B8A /* Release */,
			);
			defaultConfigurationIsVisible = 0;
			defaultConfigurationName = Release;
		};
		ED8F7BBA2A99FCF4006B8B8A /* Build configuration list for PBXNativeTarget "RealmApp" */ = {
			isa = XCConfigurationList;
			buildConfigurations = (
				ED8F7BBB2A99FCF4006B8B8A /* Debug */,
				ED8F7BBC2A99FCF4006B8B8A /* Release */,
			);
			defaultConfigurationIsVisible = 0;
			defaultConfigurationName = Release;
		};
/* End XCConfigurationList section */

/* Begin XCRemoteSwiftPackageReference section */
		ED8F7BCF2A9A1B46006B8B8A /* XCRemoteSwiftPackageReference "realm-swift" */ = {
			isa = XCRemoteSwiftPackageReference;
			repositoryURL = "https://github.com/realm/realm-swift.git";
			requirement = {
				branch = master;
				kind = branch;
			};
		};
/* End XCRemoteSwiftPackageReference section */

/* Begin XCSwiftPackageProductDependency section */
		ED8F7BD02A9A1B46006B8B8A /* Realm */ = {
			isa = XCSwiftPackageProductDependency;
			package = ED8F7BCF2A9A1B46006B8B8A /* XCRemoteSwiftPackageReference "realm-swift" */;
			productName = Realm;
		};
		ED8F7BD22A9A1B46006B8B8A /* RealmSwift */ = {
			isa = XCSwiftPackageProductDependency;
			package = ED8F7BCF2A9A1B46006B8B8A /* XCRemoteSwiftPackageReference "realm-swift" */;
			productName = RealmSwift;
		};
/* End XCSwiftPackageProductDependency section */
	};
	rootObject = ED8F7B9E2A99FCF2006B8B8A /* Project object */;
}
